// !$*UTF8*$!
{
	archiveVersion = 1;
	classes = {
	};
	objectVersion = 56;
	objects = {

/* Begin PBXBuildFile section */
		728393592AB3375600E46CF4 /* ChatQApp.swift in Sources */ = {isa = PBXBuildFile; fileRef = 728393582AB3375600E46CF4 /* ChatQApp.swift */; };
		7283935D2AB3375800E46CF4 /* Assets.xcassets in Resources */ = {isa = PBXBuildFile; fileRef = 7283935C2AB3375800E46CF4 /* Assets.xcassets */; };
		728393602AB3375800E46CF4 /* Preview Assets.xcassets in Resources */ = {isa = PBXBuildFile; fileRef = 7283935F2AB3375800E46CF4 /* Preview Assets.xcassets */; };
		728393762AB3399200E46CF4 /* ChatMessage.swift in Sources */ = {isa = PBXBuildFile; fileRef = 728393672AB3399200E46CF4 /* ChatMessage.swift */; };
		728393772AB3399200E46CF4 /* RecentMessage.swift in Sources */ = {isa = PBXBuildFile; fileRef = 728393682AB3399200E46CF4 /* RecentMessage.swift */; };
		728393782AB3399200E46CF4 /* ChatUser.swift in Sources */ = {isa = PBXBuildFile; fileRef = 728393692AB3399200E46CF4 /* ChatUser.swift */; };
		728393792AB3399200E46CF4 /* ImagePicker.swift in Sources */ = {isa = PBXBuildFile; fileRef = 7283936B2AB3399200E46CF4 /* ImagePicker.swift */; };
		7283937A2AB3399200E46CF4 /* FirebaseConstants.swift in Sources */ = {isa = PBXBuildFile; fileRef = 7283936C2AB3399200E46CF4 /* FirebaseConstants.swift */; };
		7283937B2AB3399200E46CF4 /* FirebaseManager.swift in Sources */ = {isa = PBXBuildFile; fileRef = 7283936D2AB3399200E46CF4 /* FirebaseManager.swift */; };
		7283937D2AB3399200E46CF4 /* ChatLogView.swift in Sources */ = {isa = PBXBuildFile; fileRef = 728393712AB3399200E46CF4 /* ChatLogView.swift */; };
		7283937E2AB3399200E46CF4 /* LoginView.swift in Sources */ = {isa = PBXBuildFile; fileRef = 728393722AB3399200E46CF4 /* LoginView.swift */; };
		7283937F2AB3399200E46CF4 /* MainMessagesView.swift in Sources */ = {isa = PBXBuildFile; fileRef = 728393732AB3399200E46CF4 /* MainMessagesView.swift */; };
		728393802AB3399200E46CF4 /* CreateNewMessageView.swift in Sources */ = {isa = PBXBuildFile; fileRef = 728393752AB3399200E46CF4 /* CreateNewMessageView.swift */; };
		728393822AB339BE00E46CF4 /* GoogleService-Info.plist in Resources */ = {isa = PBXBuildFile; fileRef = 728393812AB339BE00E46CF4 /* GoogleService-Info.plist */; };
		728393852AB33A0000E46CF4 /* SDWebImageSwiftUI in Frameworks */ = {isa = PBXBuildFile; productRef = 728393842AB33A0000E46CF4 /* SDWebImageSwiftUI */; };
		728393882AB33A9B00E46CF4 /* FirebaseAuth in Frameworks */ = {isa = PBXBuildFile; productRef = 728393872AB33A9B00E46CF4 /* FirebaseAuth */; };
		7283938A2AB33A9B00E46CF4 /* FirebaseDatabase in Frameworks */ = {isa = PBXBuildFile; productRef = 728393892AB33A9B00E46CF4 /* FirebaseDatabase */; };
		7283938C2AB33A9B00E46CF4 /* FirebaseFirestore in Frameworks */ = {isa = PBXBuildFile; productRef = 7283938B2AB33A9B00E46CF4 /* FirebaseFirestore */; };
		7283938E2AB33A9B00E46CF4 /* FirebaseFirestoreSwift in Frameworks */ = {isa = PBXBuildFile; productRef = 7283938D2AB33A9B00E46CF4 /* FirebaseFirestoreSwift */; };
		728393902AB33A9B00E46CF4 /* FirebaseStorage in Frameworks */ = {isa = PBXBuildFile; productRef = 7283938F2AB33A9B00E46CF4 /* FirebaseStorage */; };
/* End PBXBuildFile section */

/* Begin PBXFileReference section */
		728393552AB3375600E46CF4 /* ChatQ.app */ = {isa = PBXFileReference; explicitFileType = wrapper.application; includeInIndex = 0; path = ChatQ.app; sourceTree = BUILT_PRODUCTS_DIR; };
		728393582AB3375600E46CF4 /* ChatQApp.swift */ = {isa = PBXFileReference; lastKnownFileType = sourcecode.swift; path = ChatQApp.swift; sourceTree = "<group>"; };
		7283935C2AB3375800E46CF4 /* Assets.xcassets */ = {isa = PBXFileReference; lastKnownFileType = folder.assetcatalog; path = Assets.xcassets; sourceTree = "<group>"; };
		7283935F2AB3375800E46CF4 /* Preview Assets.xcassets */ = {isa = PBXFileReference; lastKnownFileType = folder.assetcatalog; path = "Preview Assets.xcassets"; sourceTree = "<group>"; };
		728393672AB3399200E46CF4 /* ChatMessage.swift */ = {isa = PBXFileReference; fileEncoding = 4; lastKnownFileType = sourcecode.swift; path = ChatMessage.swift; sourceTree = "<group>"; };
		728393682AB3399200E46CF4 /* RecentMessage.swift */ = {isa = PBXFileReference; fileEncoding = 4; lastKnownFileType = sourcecode.swift; path = RecentMessage.swift; sourceTree = "<group>"; };
		728393692AB3399200E46CF4 /* ChatUser.swift */ = {isa = PBXFileReference; fileEncoding = 4; lastKnownFileType = sourcecode.swift; path = ChatUser.swift; sourceTree = "<group>"; };
		7283936B2AB3399200E46CF4 /* ImagePicker.swift */ = {isa = PBXFileReference; fileEncoding = 4; lastKnownFileType = sourcecode.swift; path = ImagePicker.swift; sourceTree = "<group>"; };
		7283936C2AB3399200E46CF4 /* FirebaseConstants.swift */ = {isa = PBXFileReference; fileEncoding = 4; lastKnownFileType = sourcecode.swift; path = FirebaseConstants.swift; sourceTree = "<group>"; };
		7283936D2AB3399200E46CF4 /* FirebaseManager.swift */ = {isa = PBXFileReference; fileEncoding = 4; lastKnownFileType = sourcecode.swift; path = FirebaseManager.swift; sourceTree = "<group>"; };
		728393712AB3399200E46CF4 /* ChatLogView.swift */ = {isa = PBXFileReference; fileEncoding = 4; lastKnownFileType = sourcecode.swift; path = ChatLogView.swift; sourceTree = "<group>"; };
		728393722AB3399200E46CF4 /* LoginView.swift */ = {isa = PBXFileReference; fileEncoding = 4; lastKnownFileType = sourcecode.swift; path = LoginView.swift; sourceTree = "<group>"; };
		728393732AB3399200E46CF4 /* MainMessagesView.swift */ = {isa = PBXFileReference; fileEncoding = 4; lastKnownFileType = sourcecode.swift; path = MainMessagesView.swift; sourceTree = "<group>"; };
		728393752AB3399200E46CF4 /* CreateNewMessageView.swift */ = {isa = PBXFileReference; fileEncoding = 4; lastKnownFileType = sourcecode.swift; path = CreateNewMessageView.swift; sourceTree = "<group>"; };
		728393812AB339BE00E46CF4 /* GoogleService-Info.plist */ = {isa = PBXFileReference; fileEncoding = 4; lastKnownFileType = text.plist.xml; path = "GoogleService-Info.plist"; sourceTree = "<group>"; };
/* End PBXFileReference section */

/* Begin PBXFrameworksBuildPhase section */
		728393522AB3375600E46CF4 /* Frameworks */ = {
			isa = PBXFrameworksBuildPhase;
			buildActionMask = 2147483647;
			files = (
				7283938E2AB33A9B00E46CF4 /* FirebaseFirestoreSwift in Frameworks */,
				7283938A2AB33A9B00E46CF4 /* FirebaseDatabase in Frameworks */,
				7283938C2AB33A9B00E46CF4 /* FirebaseFirestore in Frameworks */,
				728393852AB33A0000E46CF4 /* SDWebImageSwiftUI in Frameworks */,
				728393882AB33A9B00E46CF4 /* FirebaseAuth in Frameworks */,
				728393902AB33A9B00E46CF4 /* FirebaseStorage in Frameworks */,
			);
			runOnlyForDeploymentPostprocessing = 0;
		};
/* End PBXFrameworksBuildPhase section */

/* Begin PBXGroup section */
		7283934C2AB3375600E46CF4 = {
			isa = PBXGroup;
			children = (
				728393572AB3375600E46CF4 /* ChatQ */,
				728393562AB3375600E46CF4 /* Products */,
			);
			sourceTree = "<group>";
		};
		728393562AB3375600E46CF4 /* Products */ = {
			isa = PBXGroup;
			children = (
				728393552AB3375600E46CF4 /* ChatQ.app */,
			);
			name = Products;
			sourceTree = "<group>";
		};
		728393572AB3375600E46CF4 /* ChatQ */ = {
			isa = PBXGroup;
			children = (
				728393582AB3375600E46CF4 /* ChatQApp.swift */,
				7283936F2AB3399200E46CF4 /* MainMessages */,
				728393662AB3399200E46CF4 /* Model */,
				7283936A2AB3399200E46CF4 /* Utils */,
				7283935C2AB3375800E46CF4 /* Assets.xcassets */,
				728393812AB339BE00E46CF4 /* GoogleService-Info.plist */,
				7283935E2AB3375800E46CF4 /* Preview Content */,
			);
			path = ChatQ;
			sourceTree = "<group>";
		};
		7283935E2AB3375800E46CF4 /* Preview Content */ = {
			isa = PBXGroup;
			children = (
				7283935F2AB3375800E46CF4 /* Preview Assets.xcassets */,
			);
			path = "Preview Content";
			sourceTree = "<group>";
		};
		728393662AB3399200E46CF4 /* Model */ = {
			isa = PBXGroup;
			children = (
				728393672AB3399200E46CF4 /* ChatMessage.swift */,
				728393682AB3399200E46CF4 /* RecentMessage.swift */,
				728393692AB3399200E46CF4 /* ChatUser.swift */,
			);
			path = Model;
			sourceTree = "<group>";
		};
		7283936A2AB3399200E46CF4 /* Utils */ = {
			isa = PBXGroup;
			children = (
				7283936B2AB3399200E46CF4 /* ImagePicker.swift */,
				7283936C2AB3399200E46CF4 /* FirebaseConstants.swift */,
				7283936D2AB3399200E46CF4 /* FirebaseManager.swift */,
			);
			path = Utils;
			sourceTree = "<group>";
		};
		7283936F2AB3399200E46CF4 /* MainMessages */ = {
			isa = PBXGroup;
			children = (
				728393702AB3399200E46CF4 /* Chat */,
				728393722AB3399200E46CF4 /* LoginView.swift */,
				728393732AB3399200E46CF4 /* MainMessagesView.swift */,
				728393742AB3399200E46CF4 /* NewMessage */,
			);
			path = MainMessages;
			sourceTree = "<group>";
		};
		728393702AB3399200E46CF4 /* Chat */ = {
			isa = PBXGroup;
			children = (
				728393712AB3399200E46CF4 /* ChatLogView.swift */,
			);
			path = Chat;
			sourceTree = "<group>";
		};
		728393742AB3399200E46CF4 /* NewMessage */ = {
			isa = PBXGroup;
			children = (
				728393752AB3399200E46CF4 /* CreateNewMessageView.swift */,
			);
			path = NewMessage;
			sourceTree = "<group>";
		};
/* End PBXGroup section */

/* Begin PBXNativeTarget section */
		728393542AB3375600E46CF4 /* ChatQ */ = {
			isa = PBXNativeTarget;
			buildConfigurationList = 728393632AB3375800E46CF4 /* Build configuration list for PBXNativeTarget "ChatQ" */;
			buildPhases = (
				728393512AB3375600E46CF4 /* Sources */,
				728393522AB3375600E46CF4 /* Frameworks */,
				728393532AB3375600E46CF4 /* Resources */,
			);
			buildRules = (
			);
			dependencies = (
			);
			name = ChatQ;
			packageProductDependencies = (
				728393842AB33A0000E46CF4 /* SDWebImageSwiftUI */,
				728393872AB33A9B00E46CF4 /* FirebaseAuth */,
				728393892AB33A9B00E46CF4 /* FirebaseDatabase */,
				7283938B2AB33A9B00E46CF4 /* FirebaseFirestore */,
				7283938D2AB33A9B00E46CF4 /* FirebaseFirestoreSwift */,
				7283938F2AB33A9B00E46CF4 /* FirebaseStorage */,
			);
			productName = ChatQ;
			productReference = 728393552AB3375600E46CF4 /* ChatQ.app */;
			productType = "com.apple.product-type.application";
		};
/* End PBXNativeTarget section */

/* Begin PBXProject section */
		7283934D2AB3375600E46CF4 /* Project object */ = {
			isa = PBXProject;
			attributes = {
				BuildIndependentTargetsInParallel = 1;
				LastSwiftUpdateCheck = 1430;
				LastUpgradeCheck = 1430;
				TargetAttributes = {
					728393542AB3375600E46CF4 = {
						CreatedOnToolsVersion = 14.3.1;
					};
				};
			};
			buildConfigurationList = 728393502AB3375600E46CF4 /* Build configuration list for PBXProject "ChatQ" */;
			compatibilityVersion = "Xcode 14.0";
			developmentRegion = en;
			hasScannedForEncodings = 0;
			knownRegions = (
				en,
				Base,
			);
			mainGroup = 7283934C2AB3375600E46CF4;
			packageReferences = (
				728393832AB33A0000E46CF4 /* XCRemoteSwiftPackageReference "SDWebImageSwiftUI" */,
				728393862AB33A9B00E46CF4 /* XCRemoteSwiftPackageReference "firebase-ios-sdk" */,
			);
			productRefGroup = 728393562AB3375600E46CF4 /* Products */;
			projectDirPath = "";
			projectRoot = "";
			targets = (
				728393542AB3375600E46CF4 /* ChatQ */,
			);
		};
/* End PBXProject section */

/* Begin PBXResourcesBuildPhase section */
		728393532AB3375600E46CF4 /* Resources */ = {
			isa = PBXResourcesBuildPhase;
			buildActionMask = 2147483647;
			files = (
				728393602AB3375800E46CF4 /* Preview Assets.xcassets in Resources */,
				7283935D2AB3375800E46CF4 /* Assets.xcassets in Resources */,
				728393822AB339BE00E46CF4 /* GoogleService-Info.plist in Resources */,
			);
			runOnlyForDeploymentPostprocessing = 0;
		};
/* End PBXResourcesBuildPhase section */

/* Begin PBXSourcesBuildPhase section */
		728393512AB3375600E46CF4 /* Sources */ = {
			isa = PBXSourcesBuildPhase;
			buildActionMask = 2147483647;
			files = (
				728393772AB3399200E46CF4 /* RecentMessage.swift in Sources */,
				7283937F2AB3399200E46CF4 /* MainMessagesView.swift in Sources */,
				7283937D2AB3399200E46CF4 /* ChatLogView.swift in Sources */,
				728393762AB3399200E46CF4 /* ChatMessage.swift in Sources */,
				728393792AB3399200E46CF4 /* ImagePicker.swift in Sources */,
				7283937B2AB3399200E46CF4 /* FirebaseManager.swift in Sources */,
				728393592AB3375600E46CF4 /* ChatQApp.swift in Sources */,
				728393802AB3399200E46CF4 /* CreateNewMessageView.swift in Sources */,
				7283937E2AB3399200E46CF4 /* LoginView.swift in Sources */,
				728393782AB3399200E46CF4 /* ChatUser.swift in Sources */,
				7283937A2AB3399200E46CF4 /* FirebaseConstants.swift in Sources */,
			);
			runOnlyForDeploymentPostprocessing = 0;
		};
/* End PBXSourcesBuildPhase section */

/* Begin XCBuildConfiguration section */
		728393612AB3375800E46CF4 /* Debug */ = {
			isa = XCBuildConfiguration;
			buildSettings = {
				ALWAYS_SEARCH_USER_PATHS = NO;
				CLANG_ANALYZER_NONNULL = YES;
				CLANG_ANALYZER_NUMBER_OBJECT_CONVERSION = YES_AGGRESSIVE;
				CLANG_CXX_LANGUAGE_STANDARD = "gnu++20";
				CLANG_ENABLE_MODULES = YES;
				CLANG_ENABLE_OBJC_ARC = YES;
				CLANG_ENABLE_OBJC_WEAK = YES;
				CLANG_WARN_BLOCK_CAPTURE_AUTORELEASING = YES;
				CLANG_WARN_BOOL_CONVERSION = YES;
				CLANG_WARN_COMMA = YES;
				CLANG_WARN_CONSTANT_CONVERSION = YES;
				CLANG_WARN_DEPRECATED_OBJC_IMPLEMENTATIONS = YES;
				CLANG_WARN_DIRECT_OBJC_ISA_USAGE = YES_ERROR;
				CLANG_WARN_DOCUMENTATION_COMMENTS = YES;
				CLANG_WARN_EMPTY_BODY = YES;
				CLANG_WARN_ENUM_CONVERSION = YES;
				CLANG_WARN_INFINITE_RECURSION = YES;
				CLANG_WARN_INT_CONVERSION = YES;
				CLANG_WARN_NON_LITERAL_NULL_CONVERSION = YES;
				CLANG_WARN_OBJC_IMPLICIT_RETAIN_SELF = YES;
				CLANG_WARN_OBJC_LITERAL_CONVERSION = YES;
				CLANG_WARN_OBJC_ROOT_CLASS = YES_ERROR;
				CLANG_WARN_QUOTED_INCLUDE_IN_FRAMEWORK_HEADER = YES;
				CLANG_WARN_RANGE_LOOP_ANALYSIS = YES;
				CLANG_WARN_STRICT_PROTOTYPES = YES;
				CLANG_WARN_SUSPICIOUS_MOVE = YES;
				CLANG_WARN_UNGUARDED_AVAILABILITY = YES_AGGRESSIVE;
				CLANG_WARN_UNREACHABLE_CODE = YES;
				CLANG_WARN__DUPLICATE_METHOD_MATCH = YES;
				COPY_PHASE_STRIP = NO;
				DEBUG_INFORMATION_FORMAT = dwarf;
				ENABLE_STRICT_OBJC_MSGSEND = YES;
				ENABLE_TESTABILITY = YES;
				GCC_C_LANGUAGE_STANDARD = gnu11;
				GCC_DYNAMIC_NO_PIC = NO;
				GCC_NO_COMMON_BLOCKS = YES;
				GCC_OPTIMIZATION_LEVEL = 0;
				GCC_PREPROCESSOR_DEFINITIONS = (
					"DEBUG=1",
					"$(inherited)",
				);
				GCC_WARN_64_TO_32_BIT_CONVERSION = YES;
				GCC_WARN_ABOUT_RETURN_TYPE = YES_ERROR;
				GCC_WARN_UNDECLARED_SELECTOR = YES;
				GCC_WARN_UNINITIALIZED_AUTOS = YES_AGGRESSIVE;
				GCC_WARN_UNUSED_FUNCTION = YES;
				GCC_WARN_UNUSED_VARIABLE = YES;
				IPHONEOS_DEPLOYMENT_TARGET = 16.4;
				MTL_ENABLE_DEBUG_INFO = INCLUDE_SOURCE;
				MTL_FAST_MATH = YES;
				ONLY_ACTIVE_ARCH = YES;
				SDKROOT = iphoneos;
				SWIFT_ACTIVE_COMPILATION_CONDITIONS = DEBUG;
				SWIFT_OPTIMIZATION_LEVEL = "-Onone";
			};
			name = Debug;
		};
		728393622AB3375800E46CF4 /* Release */ = {
			isa = XCBuildConfiguration;
			buildSettings = {
				ALWAYS_SEARCH_USER_PATHS = NO;
				CLANG_ANALYZER_NONNULL = YES;
				CLANG_ANALYZER_NUMBER_OBJECT_CONVERSION = YES_AGGRESSIVE;
				CLANG_CXX_LANGUAGE_STANDARD = "gnu++20";
				CLANG_ENABLE_MODULES = YES;
				CLANG_ENABLE_OBJC_ARC = YES;
				CLANG_ENABLE_OBJC_WEAK = YES;
				CLANG_WARN_BLOCK_CAPTURE_AUTORELEASING = YES;
				CLANG_WARN_BOOL_CONVERSION = YES;
				CLANG_WARN_COMMA = YES;
				CLANG_WARN_CONSTANT_CONVERSION = YES;
				CLANG_WARN_DEPRECATED_OBJC_IMPLEMENTATIONS = YES;
				CLANG_WARN_DIRECT_OBJC_ISA_USAGE = YES_ERROR;
				CLANG_WARN_DOCUMENTATION_COMMENTS = YES;
				CLANG_WARN_EMPTY_BODY = YES;
				CLANG_WARN_ENUM_CONVERSION = YES;
				CLANG_WARN_INFINITE_RECURSION = YES;
				CLANG_WARN_INT_CONVERSION = YES;
				CLANG_WARN_NON_LITERAL_NULL_CONVERSION = YES;
				CLANG_WARN_OBJC_IMPLICIT_RETAIN_SELF = YES;
				CLANG_WARN_OBJC_LITERAL_CONVERSION = YES;
				CLANG_WARN_OBJC_ROOT_CLASS = YES_ERROR;
				CLANG_WARN_QUOTED_INCLUDE_IN_FRAMEWORK_HEADER = YES;
				CLANG_WARN_RANGE_LOOP_ANALYSIS = YES;
				CLANG_WARN_STRICT_PROTOTYPES = YES;
				CLANG_WARN_SUSPICIOUS_MOVE = YES;
				CLANG_WARN_UNGUARDED_AVAILABILITY = YES_AGGRESSIVE;
				CLANG_WARN_UNREACHABLE_CODE = YES;
				CLANG_WARN__DUPLICATE_METHOD_MATCH = YES;
				COPY_PHASE_STRIP = NO;
				DEBUG_INFORMATION_FORMAT = "dwarf-with-dsym";
				ENABLE_NS_ASSERTIONS = NO;
				ENABLE_STRICT_OBJC_MSGSEND = YES;
				GCC_C_LANGUAGE_STANDARD = gnu11;
				GCC_NO_COMMON_BLOCKS = YES;
				GCC_WARN_64_TO_32_BIT_CONVERSION = YES;
				GCC_WARN_ABOUT_RETURN_TYPE = YES_ERROR;
				GCC_WARN_UNDECLARED_SELECTOR = YES;
				GCC_WARN_UNINITIALIZED_AUTOS = YES_AGGRESSIVE;
				GCC_WARN_UNUSED_FUNCTION = YES;
				GCC_WARN_UNUSED_VARIABLE = YES;
				IPHONEOS_DEPLOYMENT_TARGET = 16.4;
				MTL_ENABLE_DEBUG_INFO = NO;
				MTL_FAST_MATH = YES;
				SDKROOT = iphoneos;
				SWIFT_COMPILATION_MODE = wholemodule;
				SWIFT_OPTIMIZATION_LEVEL = "-O";
				VALIDATE_PRODUCT = YES;
			};
			name = Release;
		};
		728393642AB3375800E46CF4 /* Debug */ = {
			isa = XCBuildConfiguration;
			buildSettings = {
				ASSETCATALOG_COMPILER_APPICON_NAME = AppIcon;
				ASSETCATALOG_COMPILER_GLOBAL_ACCENT_COLOR_NAME = AccentColor;
				CODE_SIGN_STYLE = Automatic;
				CURRENT_PROJECT_VERSION = 1;
				DEVELOPMENT_ASSET_PATHS = "\"ChatQ/Preview Content\"";
				DEVELOPMENT_TEAM = 9T6A37YY89;
				ENABLE_PREVIEWS = YES;
				GENERATE_INFOPLIST_FILE = YES;
				INFOPLIST_KEY_UIApplicationSceneManifest_Generation = YES;
				INFOPLIST_KEY_UIApplicationSupportsIndirectInputEvents = YES;
				INFOPLIST_KEY_UILaunchScreen_Generation = YES;
				INFOPLIST_KEY_UISupportedInterfaceOrientations_iPad = "UIInterfaceOrientationPortrait UIInterfaceOrientationPortraitUpsideDown UIInterfaceOrientationLandscapeLeft UIInterfaceOrientationLandscapeRight";
				INFOPLIST_KEY_UISupportedInterfaceOrientations_iPhone = "UIInterfaceOrientationPortrait UIInterfaceOrientationLandscapeLeft UIInterfaceOrientationLandscapeRight";
				IPHONEOS_DEPLOYMENT_TARGET = 15.0;
				LD_RUNPATH_SEARCH_PATHS = (
					"$(inherited)",
					"@executable_path/Frameworks",
				);
				MARKETING_VERSION = 1.0;
				PRODUCT_BUNDLE_IDENTIFIER = com.20past30.ChatAppWithFirebase;
				PRODUCT_NAME = "$(TARGET_NAME)";
				SWIFT_EMIT_LOC_STRINGS = YES;
				SWIFT_VERSION = 5.0;
				TARGETED_DEVICE_FAMILY = "1,2";
			};
			name = Debug;
		};
		728393652AB3375800E46CF4 /* Release */ = {
			isa = XCBuildConfiguration;
			buildSettings = {
				ASSETCATALOG_COMPILER_APPICON_NAME = AppIcon;
				ASSETCATALOG_COMPILER_GLOBAL_ACCENT_COLOR_NAME = AccentColor;
				CODE_SIGN_STYLE = Automatic;
				CURRENT_PROJECT_VERSION = 1;
				DEVELOPMENT_ASSET_PATHS = "\"ChatQ/Preview Content\"";
				DEVELOPMENT_TEAM = 9T6A37YY89;
				ENABLE_PREVIEWS = YES;
				GENERATE_INFOPLIST_FILE = YES;
				INFOPLIST_KEY_UIApplicationSceneManifest_Generation = YES;
				INFOPLIST_KEY_UIApplicationSupportsIndirectInputEvents = YES;
				INFOPLIST_KEY_UILaunchScreen_Generation = YES;
				INFOPLIST_KEY_UISupportedInterfaceOrientations_iPad = "UIInterfaceOrientationPortrait UIInterfaceOrientationPortraitUpsideDown UIInterfaceOrientationLandscapeLeft UIInterfaceOrientationLandscapeRight";
				INFOPLIST_KEY_UISupportedInterfaceOrientations_iPhone = "UIInterfaceOrientationPortrait UIInterfaceOrientationLandscapeLeft UIInterfaceOrientationLandscapeRight";
				IPHONEOS_DEPLOYMENT_TARGET = 15.0;
				LD_RUNPATH_SEARCH_PATHS = (
					"$(inherited)",
					"@executable_path/Frameworks",
				);
				MARKETING_VERSION = 1.0;
				PRODUCT_BUNDLE_IDENTIFIER = com.20past30.ChatAppWithFirebase;
				PRODUCT_NAME = "$(TARGET_NAME)";
				SWIFT_EMIT_LOC_STRINGS = YES;
				SWIFT_VERSION = 5.0;
				TARGETED_DEVICE_FAMILY = "1,2";
			};
			name = Release;
		};
/* End XCBuildConfiguration section */

/* Begin XCConfigurationList section */
		728393502AB3375600E46CF4 /* Build configuration list for PBXProject "ChatQ" */ = {
			isa = XCConfigurationList;
			buildConfigurations = (
				728393612AB3375800E46CF4 /* Debug */,
				728393622AB3375800E46CF4 /* Release */,
			);
			defaultConfigurationIsVisible = 0;
			defaultConfigurationName = Release;
		};
		728393632AB3375800E46CF4 /* Build configuration list for PBXNativeTarget "ChatQ" */ = {
			isa = XCConfigurationList;
			buildConfigurations = (
				728393642AB3375800E46CF4 /* Debug */,
				728393652AB3375800E46CF4 /* Release */,
			);
			defaultConfigurationIsVisible = 0;
			defaultConfigurationName = Release;
		};
/* End XCConfigurationList section */

/* Begin XCRemoteSwiftPackageReference section */
		728393832AB33A0000E46CF4 /* XCRemoteSwiftPackageReference "SDWebImageSwiftUI" */ = {
			isa = XCRemoteSwiftPackageReference;
			repositoryURL = "https://github.com/SDWebImage/SDWebImageSwiftUI.git";
			requirement = {
				kind = upToNextMajorVersion;
				minimumVersion = 2.0.0;
			};
		};
		728393862AB33A9B00E46CF4 /* XCRemoteSwiftPackageReference "firebase-ios-sdk" */ = {
			isa = XCRemoteSwiftPackageReference;
			repositoryURL = "https://github.com/firebase/firebase-ios-sdk.git";
			requirement = {
				kind = upToNextMajorVersion;
				minimumVersion = 10.0.0;
			};
		};
/* End XCRemoteSwiftPackageReference section */

/* Begin XCSwiftPackageProductDependency section */
		728393842AB33A0000E46CF4 /* SDWebImageSwiftUI */ = {
			isa = XCSwiftPackageProductDependency;
			package = 728393832AB33A0000E46CF4 /* XCRemoteSwiftPackageReference "SDWebImageSwiftUI" */;
			productName = SDWebImageSwiftUI;
		};
		728393872AB33A9B00E46CF4 /* FirebaseAuth */ = {
			isa = XCSwiftPackageProductDependency;
			package = 728393862AB33A9B00E46CF4 /* XCRemoteSwiftPackageReference "firebase-ios-sdk" */;
			productName = FirebaseAuth;
		};
		728393892AB33A9B00E46CF4 /* FirebaseDatabase */ = {
			isa = XCSwiftPackageProductDependency;
			package = 728393862AB33A9B00E46CF4 /* XCRemoteSwiftPackageReference "firebase-ios-sdk" */;
			productName = FirebaseDatabase;
		};
		7283938B2AB33A9B00E46CF4 /* FirebaseFirestore */ = {
			isa = XCSwiftPackageProductDependency;
			package = 728393862AB33A9B00E46CF4 /* XCRemoteSwiftPackageReference "firebase-ios-sdk" */;
			productName = FirebaseFirestore;
		};
		7283938D2AB33A9B00E46CF4 /* FirebaseFirestoreSwift */ = {
			isa = XCSwiftPackageProductDependency;
			package = 728393862AB33A9B00E46CF4 /* XCRemoteSwiftPackageReference "firebase-ios-sdk" */;
			productName = FirebaseFirestoreSwift;
		};
		7283938F2AB33A9B00E46CF4 /* FirebaseStorage */ = {
			isa = XCSwiftPackageProductDependency;
			package = 728393862AB33A9B00E46CF4 /* XCRemoteSwiftPackageReference "firebase-ios-sdk" */;
			productName = FirebaseStorage;
		};
/* End XCSwiftPackageProductDependency section */
	};
	rootObject = 7283934D2AB3375600E46CF4 /* Project object */;
}
